
Microsoft Visual Studio Solution File, Format Version 12.00
# Visual Studio Version 16
VisualStudioVersion = 16.0.31205.134
MinimumVisualStudioVersion = 10.0.40219.1
Project("{FAE04EC0-301F-11D3-BF4B-00C04F79EFBC}") = "QRApp.Android", "QRApp\QRApp.Android\QRApp.Android.csproj", "{55FBE235-2B51-4783-833E-A40A24361A62}"
EndProject
Project("{FAE04EC0-301F-11D3-BF4B-00C04F79EFBC}") = "QRApp.iOS", "QRApp\QRApp.iOS\QRApp.iOS.csproj", "{DA1021AA-CF91-4ED0-BC52-A1ECFFDB9BD8}"
EndProject
Project("{FAE04EC0-301F-11D3-BF4B-00C04F79EFBC}") = "QRApp", "QRApp\QRApp\QRApp.csproj", "{AB0D6499-286C-41EB-A2A3-6EED34F1BD0A}"
EndProject
Global
	GlobalSection(SolutionConfigurationPlatforms) = preSolution
		Debug|Any CPU = Debug|Any CPU
		Debug|iPhone = Debug|iPhone
		Debug|iPhoneSimulator = Debug|iPhoneSimulator
		Release|Any CPU = Release|Any CPU
		Release|iPhone = Release|iPhone
		Release|iPhoneSimulator = Release|iPhoneSimulator
	EndGlobalSection
	GlobalSection(ProjectConfigurationPlatforms) = postSolution
		{55FBE235-2B51-4783-833E-A40A24361A62}.Debug|Any CPU.ActiveCfg = Debug|Any CPU
		{55FBE235-2B51-4783-833E-A40A24361A62}.Debug|Any CPU.Build.0 = Debug|Any CPU
		{55FBE235-2B51-4783-833E-A40A24361A62}.Debug|Any CPU.Deploy.0 = Debug|Any CPU
		{55FBE235-2B51-4783-833E-A40A24361A62}.Debug|iPhone.ActiveCfg = Debug|Any CPU
		{55FBE235-2B51-4783-833E-A40A24361A62}.Debug|iPhone.Build.0 = Debug|Any CPU
		{55FBE235-2B51-4783-833E-A40A24361A62}.Debug|iPhone.Deploy.0 = Debug|Any CPU
		{55FBE235-2B51-4783-833E-A40A24361A62}.Debug|iPhoneSimulator.ActiveCfg = Debug|Any CPU
		{55FBE235-2B51-4783-833E-A40A24361A62}.Debug|iPhoneSimulator.Build.0 = Debug|Any CPU
		{55FBE235-2B51-4783-833E-A40A24361A62}.Debug|iPhoneSimulator.Deploy.0 = Debug|Any CPU
		{55FBE235-2B51-4783-833E-A40A24361A62}.Release|Any CPU.ActiveCfg = Release|Any CPU
		{55FBE235-2B51-4783-833E-A40A24361A62}.Release|Any CPU.Build.0 = Release|Any CPU
		{55FBE235-2B51-4783-833E-A40A24361A62}.Release|Any CPU.Deploy.0 = Release|Any CPU
		{55FBE235-2B51-4783-833E-A40A24361A62}.Release|iPhone.ActiveCfg = Release|Any CPU
		{55FBE235-2B51-4783-833E-A40A24361A62}.Release|iPhone.Build.0 = Release|Any CPU
		{55FBE235-2B51-4783-833E-A40A24361A62}.Release|iPhone.Deploy.0 = Release|Any CPU
		{55FBE235-2B51-4783-833E-A40A24361A62}.Release|iPhoneSimulator.ActiveCfg = Release|Any CPU
		{55FBE235-2B51-4783-833E-A40A24361A62}.Release|iPhoneSimulator.Build.0 = Release|Any CPU
		{55FBE235-2B51-4783-833E-A40A24361A62}.Release|iPhoneSimulator.Deploy.0 = Release|Any CPU
		{DA1021AA-CF91-4ED0-BC52-A1ECFFDB9BD8}.Debug|Any CPU.ActiveCfg = Debug|iPhone
		{DA1021AA-CF91-4ED0-BC52-A1ECFFDB9BD8}.Debug|Any CPU.Build.0 = Debug|iPhone
		{DA1021AA-CF91-4ED0-BC52-A1ECFFDB9BD8}.Debug|Any CPU.Deploy.0 = Debug|iPhone
		{DA1021AA-CF91-4ED0-BC52-A1ECFFDB9BD8}.Debug|iPhone.ActiveCfg = Debug|iPhone
		{DA1021AA-CF91-4ED0-BC52-A1ECFFDB9BD8}.Debug|iPhone.Build.0 = Debug|iPhone
		{DA1021AA-CF91-4ED0-BC52-A1ECFFDB9BD8}.Debug|iPhone.Deploy.0 = Debug|iPhone
		{DA1021AA-CF91-4ED0-BC52-A1ECFFDB9BD8}.Debug|iPhoneSimulator.ActiveCfg = Debug|iPhoneSimulator
		{DA1021AA-CF91-4ED0-BC52-A1ECFFDB9BD8}.Debug|iPhoneSimulator.Build.0 = Debug|iPhoneSimulator
		{DA1021AA-CF91-4ED0-BC52-A1ECFFDB9BD8}.Debug|iPhoneSimulator.Deploy.0 = Debug|iPhoneSimulator
		{DA1021AA-CF91-4ED0-BC52-A1ECFFDB9BD8}.Release|Any CPU.ActiveCfg = Release|iPhoneSimulator
		{DA1021AA-CF91-4ED0-BC52-A1ECFFDB9BD8}.Release|Any CPU.Build.0 = Release|iPhoneSimulator
		{DA1021AA-CF91-4ED0-BC52-A1ECFFDB9BD8}.Release|Any CPU.Deploy.0 = Release|iPhoneSimulator
		{DA1021AA-CF91-4ED0-BC52-A1ECFFDB9BD8}.Release|iPhone.ActiveCfg = Release|iPhone
		{DA1021AA-CF91-4ED0-BC52-A1ECFFDB9BD8}.Release|iPhone.Build.0 = Release|iPhone
		{DA1021AA-CF91-4ED0-BC52-A1ECFFDB9BD8}.Release|iPhone.Deploy.0 = Release|iPhone
		{DA1021AA-CF91-4ED0-BC52-A1ECFFDB9BD8}.Release|iPhoneSimulator.ActiveCfg = Release|iPhoneSimulator
		{DA1021AA-CF91-4ED0-BC52-A1ECFFDB9BD8}.Release|iPhoneSimulator.Build.0 = Release|iPhoneSimulator
		{DA1021AA-CF91-4ED0-BC52-A1ECFFDB9BD8}.Release|iPhoneSimulator.Deploy.0 = Release|iPhoneSimulator
		{AB0D6499-286C-41EB-A2A3-6EED34F1BD0A}.Debug|Any CPU.ActiveCfg = Debug|Any CPU
		{AB0D6499-286C-41EB-A2A3-6EED34F1BD0A}.Debug|Any CPU.Build.0 = Debug|Any CPU
		{AB0D6499-286C-41EB-A2A3-6EED34F1BD0A}.Debug|Any CPU.Deploy.0 = Debug|Any CPU
		{AB0D6499-286C-41EB-A2A3-6EED34F1BD0A}.Debug|iPhone.ActiveCfg = Debug|Any CPU
		{AB0D6499-286C-41EB-A2A3-6EED34F1BD0A}.Debug|iPhone.Build.0 = Debug|Any CPU
		{AB0D6499-286C-41EB-A2A3-6EED34F1BD0A}.Debug|iPhone.Deploy.0 = Debug|Any CPU
		{AB0D6499-286C-41EB-A2A3-6EED34F1BD0A}.Debug|iPhoneSimulator.ActiveCfg = Debug|Any CPU
		{AB0D6499-286C-41EB-A2A3-6EED34F1BD0A}.Debug|iPhoneSimulator.Build.0 = Debug|Any CPU
		{AB0D6499-286C-41EB-A2A3-6EED34F1BD0A}.Debug|iPhoneSimulator.Deploy.0 = Debug|Any CPU
		{AB0D6499-286C-41EB-A2A3-6EED34F1BD0A}.Release|Any CPU.ActiveCfg = Release|Any CPU
		{AB0D6499-286C-41EB-A2A3-6EED34F1BD0A}.Release|Any CPU.Build.0 = Release|Any CPU
		{AB0D6499-286C-41EB-A2A3-6EED34F1BD0A}.Release|Any CPU.Deploy.0 = Release|Any CPU
		{AB0D6499-286C-41EB-A2A3-6EED34F1BD0A}.Release|iPhone.ActiveCfg = Release|Any CPU
		{AB0D6499-286C-41EB-A2A3-6EED34F1BD0A}.Release|iPhone.Build.0 = Release|Any CPU
		{AB0D6499-286C-41EB-A2A3-6EED34F1BD0A}.Release|iPhone.Deploy.0 = Release|Any CPU
		{AB0D6499-286C-41EB-A2A3-6EED34F1BD0A}.Release|iPhoneSimulator.ActiveCfg = Release|Any CPU
		{AB0D6499-286C-41EB-A2A3-6EED34F1BD0A}.Release|iPhoneSimulator.Build.0 = Release|Any CPU
		{AB0D6499-286C-41EB-A2A3-6EED34F1BD0A}.Release|iPhoneSimulator.Deploy.0 = Release|Any CPU
	EndGlobalSection
	GlobalSection(SolutionProperties) = preSolution
		HideSolutionNode = FALSE
	EndGlobalSection
	GlobalSection(ExtensibilityGlobals) = postSolution
		SolutionGuid = {A66122A3-A5C6-453E-A992-8A2CD520552F}
	EndGlobalSection
EndGlobal
